// !$*UTF8*$!
{
	archiveVersion = 1;
	classes = {
	};
	objectVersion = 46;
	objects = {

/* Begin PBXBuildFile section */
		3D70DC55C2F15B75AF7EB655 /* Pods_parKingTests.framework in Frameworks */ = {isa = PBXBuildFile; fileRef = 7D6C58F01F4DC571406016FE /* Pods_parKingTests.framework */; };
		CD8FF4701CED54E9009EB4F0 /* AppDelegate.swift in Sources */ = {isa = PBXBuildFile; fileRef = CD8FF46F1CED54E9009EB4F0 /* AppDelegate.swift */; };
		CD8FF4721CED54E9009EB4F0 /* RootViewController.swift in Sources */ = {isa = PBXBuildFile; fileRef = CD8FF4711CED54E9009EB4F0 /* RootViewController.swift */; };
		CD8FF4741CED54E9009EB4F0 /* DataViewController.swift in Sources */ = {isa = PBXBuildFile; fileRef = CD8FF4731CED54E9009EB4F0 /* DataViewController.swift */; };
		CD8FF4761CED54E9009EB4F0 /* ModelController.swift in Sources */ = {isa = PBXBuildFile; fileRef = CD8FF4751CED54E9009EB4F0 /* ModelController.swift */; };
		CD8FF4791CED54E9009EB4F0 /* Main.storyboard in Resources */ = {isa = PBXBuildFile; fileRef = CD8FF4771CED54E9009EB4F0 /* Main.storyboard */; };
		CD8FF47B1CED54E9009EB4F0 /* Assets.xcassets in Resources */ = {isa = PBXBuildFile; fileRef = CD8FF47A1CED54E9009EB4F0 /* Assets.xcassets */; };
		CD8FF47E1CED54E9009EB4F0 /* LaunchScreen.storyboard in Resources */ = {isa = PBXBuildFile; fileRef = CD8FF47C1CED54E9009EB4F0 /* LaunchScreen.storyboard */; };
		CD8FF4891CED54EA009EB4F0 /* parKingTests.swift in Sources */ = {isa = PBXBuildFile; fileRef = CD8FF4881CED54EA009EB4F0 /* parKingTests.swift */; };
		CD8FF4941CED54EA009EB4F0 /* parKingUITests.swift in Sources */ = {isa = PBXBuildFile; fileRef = CD8FF4931CED54EA009EB4F0 /* parKingUITests.swift */; };
		CD8FF4A41CED5D76009EB4F0 /* MapViewController.swift in Sources */ = {isa = PBXBuildFile; fileRef = CD8FF4A31CED5D76009EB4F0 /* MapViewController.swift */; };
		D0EA96B6F6CC8364919F8AFC /* Pods_parKing.framework in Frameworks */ = {isa = PBXBuildFile; fileRef = AD6189F6D583C17ACF11FB1B /* Pods_parKing.framework */; };
		F5CD233BC74FC03EC3A16DA3 /* Pods_parKingUITests.framework in Frameworks */ = {isa = PBXBuildFile; fileRef = C86E86CAFD7596CBD7F5038D /* Pods_parKingUITests.framework */; };
/* End PBXBuildFile section */

/* Begin PBXContainerItemProxy section */
		CD8FF4851CED54EA009EB4F0 /* PBXContainerItemProxy */ = {
			isa = PBXContainerItemProxy;
			containerPortal = CD8FF4641CED54E9009EB4F0 /* Project object */;
			proxyType = 1;
			remoteGlobalIDString = CD8FF46B1CED54E9009EB4F0;
			remoteInfo = parKing;
		};
		CD8FF4901CED54EA009EB4F0 /* PBXContainerItemProxy */ = {
			isa = PBXContainerItemProxy;
			containerPortal = CD8FF4641CED54E9009EB4F0 /* Project object */;
			proxyType = 1;
			remoteGlobalIDString = CD8FF46B1CED54E9009EB4F0;
			remoteInfo = parKing;
		};
/* End PBXContainerItemProxy section */

/* Begin PBXFileReference section */
		486C1DD5765AC2858FAC6189 /* Pods-parKingTests.release.xcconfig */ = {isa = PBXFileReference; includeInIndex = 1; lastKnownFileType = text.xcconfig; name = "Pods-parKingTests.release.xcconfig"; path = "Pods/Target Support Files/Pods-parKingTests/Pods-parKingTests.release.xcconfig"; sourceTree = "<group>"; };
		76EC657B5CF3EC1D99F87FC0 /* Pods-parKing.release.xcconfig */ = {isa = PBXFileReference; includeInIndex = 1; lastKnownFileType = text.xcconfig; name = "Pods-parKing.release.xcconfig"; path = "Pods/Target Support Files/Pods-parKing/Pods-parKing.release.xcconfig"; sourceTree = "<group>"; };
		7D6C58F01F4DC571406016FE /* Pods_parKingTests.framework */ = {isa = PBXFileReference; explicitFileType = wrapper.framework; includeInIndex = 0; path = Pods_parKingTests.framework; sourceTree = BUILT_PRODUCTS_DIR; };
		92827302047F23C83471FEAC /* Pods-parKingUITests.release.xcconfig */ = {isa = PBXFileReference; includeInIndex = 1; lastKnownFileType = text.xcconfig; name = "Pods-parKingUITests.release.xcconfig"; path = "Pods/Target Support Files/Pods-parKingUITests/Pods-parKingUITests.release.xcconfig"; sourceTree = "<group>"; };
		AAAA40EE217CFD291ACAA149 /* Pods-parKingTests.debug.xcconfig */ = {isa = PBXFileReference; includeInIndex = 1; lastKnownFileType = text.xcconfig; name = "Pods-parKingTests.debug.xcconfig"; path = "Pods/Target Support Files/Pods-parKingTests/Pods-parKingTests.debug.xcconfig"; sourceTree = "<group>"; };
		AD6189F6D583C17ACF11FB1B /* Pods_parKing.framework */ = {isa = PBXFileReference; explicitFileType = wrapper.framework; includeInIndex = 0; path = Pods_parKing.framework; sourceTree = BUILT_PRODUCTS_DIR; };
		C5388888B24D03BA54179B8A /* Pods-parKingUITests.debug.xcconfig */ = {isa = PBXFileReference; includeInIndex = 1; lastKnownFileType = text.xcconfig; name = "Pods-parKingUITests.debug.xcconfig"; path = "Pods/Target Support Files/Pods-parKingUITests/Pods-parKingUITests.debug.xcconfig"; sourceTree = "<group>"; };
		C86E86CAFD7596CBD7F5038D /* Pods_parKingUITests.framework */ = {isa = PBXFileReference; explicitFileType = wrapper.framework; includeInIndex = 0; path = Pods_parKingUITests.framework; sourceTree = BUILT_PRODUCTS_DIR; };
		CD8FF46C1CED54E9009EB4F0 /* parKing.app */ = {isa = PBXFileReference; explicitFileType = wrapper.application; includeInIndex = 0; path = parKing.app; sourceTree = BUILT_PRODUCTS_DIR; };
		CD8FF46F1CED54E9009EB4F0 /* AppDelegate.swift */ = {isa = PBXFileReference; lastKnownFileType = sourcecode.swift; path = AppDelegate.swift; sourceTree = "<group>"; };
		CD8FF4711CED54E9009EB4F0 /* RootViewController.swift */ = {isa = PBXFileReference; lastKnownFileType = sourcecode.swift; path = RootViewController.swift; sourceTree = "<group>"; };
		CD8FF4731CED54E9009EB4F0 /* DataViewController.swift */ = {isa = PBXFileReference; lastKnownFileType = sourcecode.swift; path = DataViewController.swift; sourceTree = "<group>"; };
		CD8FF4751CED54E9009EB4F0 /* ModelController.swift */ = {isa = PBXFileReference; lastKnownFileType = sourcecode.swift; path = ModelController.swift; sourceTree = "<group>"; };
		CD8FF4781CED54E9009EB4F0 /* Base */ = {isa = PBXFileReference; lastKnownFileType = file.storyboard; name = Base; path = Base.lproj/Main.storyboard; sourceTree = "<group>"; };
		CD8FF47A1CED54E9009EB4F0 /* Assets.xcassets */ = {isa = PBXFileReference; lastKnownFileType = folder.assetcatalog; path = Assets.xcassets; sourceTree = "<group>"; };
		CD8FF47D1CED54E9009EB4F0 /* Base */ = {isa = PBXFileReference; lastKnownFileType = file.storyboard; name = Base; path = Base.lproj/LaunchScreen.storyboard; sourceTree = "<group>"; };
		CD8FF47F1CED54E9009EB4F0 /* Info.plist */ = {isa = PBXFileReference; lastKnownFileType = text.plist.xml; path = Info.plist; sourceTree = "<group>"; };
		CD8FF4841CED54EA009EB4F0 /* parKingTests.xctest */ = {isa = PBXFileReference; explicitFileType = wrapper.cfbundle; includeInIndex = 0; path = parKingTests.xctest; sourceTree = BUILT_PRODUCTS_DIR; };
		CD8FF4881CED54EA009EB4F0 /* parKingTests.swift */ = {isa = PBXFileReference; lastKnownFileType = sourcecode.swift; path = parKingTests.swift; sourceTree = "<group>"; };
		CD8FF48A1CED54EA009EB4F0 /* Info.plist */ = {isa = PBXFileReference; lastKnownFileType = text.plist.xml; path = Info.plist; sourceTree = "<group>"; };
		CD8FF48F1CED54EA009EB4F0 /* parKingUITests.xctest */ = {isa = PBXFileReference; explicitFileType = wrapper.cfbundle; includeInIndex = 0; path = parKingUITests.xctest; sourceTree = BUILT_PRODUCTS_DIR; };
		CD8FF4931CED54EA009EB4F0 /* parKingUITests.swift */ = {isa = PBXFileReference; lastKnownFileType = sourcecode.swift; path = parKingUITests.swift; sourceTree = "<group>"; };
		CD8FF4951CED54EA009EB4F0 /* Info.plist */ = {isa = PBXFileReference; lastKnownFileType = text.plist.xml; path = Info.plist; sourceTree = "<group>"; };
		CD8FF4A31CED5D76009EB4F0 /* MapViewController.swift */ = {isa = PBXFileReference; fileEncoding = 4; lastKnownFileType = sourcecode.swift; path = MapViewController.swift; sourceTree = "<group>"; };
		D9A7DA0A95E4CC4DE9EDC28D /* Pods-parKing.debug.xcconfig */ = {isa = PBXFileReference; includeInIndex = 1; lastKnownFileType = text.xcconfig; name = "Pods-parKing.debug.xcconfig"; path = "Pods/Target Support Files/Pods-parKing/Pods-parKing.debug.xcconfig"; sourceTree = "<group>"; };
/* End PBXFileReference section */

/* Begin PBXFrameworksBuildPhase section */
		CD8FF4691CED54E9009EB4F0 /* Frameworks */ = {
			isa = PBXFrameworksBuildPhase;
			buildActionMask = 2147483647;
			files = (
				D0EA96B6F6CC8364919F8AFC /* Pods_parKing.framework in Frameworks */,
			);
			runOnlyForDeploymentPostprocessing = 0;
		};
		CD8FF4811CED54E9009EB4F0 /* Frameworks */ = {
			isa = PBXFrameworksBuildPhase;
			buildActionMask = 2147483647;
			files = (
				3D70DC55C2F15B75AF7EB655 /* Pods_parKingTests.framework in Frameworks */,
			);
			runOnlyForDeploymentPostprocessing = 0;
		};
		CD8FF48C1CED54EA009EB4F0 /* Frameworks */ = {
			isa = PBXFrameworksBuildPhase;
			buildActionMask = 2147483647;
			files = (
				F5CD233BC74FC03EC3A16DA3 /* Pods_parKingUITests.framework in Frameworks */,
			);
			runOnlyForDeploymentPostprocessing = 0;
		};
/* End PBXFrameworksBuildPhase section */

/* Begin PBXGroup section */
		0B82EED5E9F676DA6FA7B2C0 /* Frameworks */ = {
			isa = PBXGroup;
			children = (
				AD6189F6D583C17ACF11FB1B /* Pods_parKing.framework */,
				7D6C58F01F4DC571406016FE /* Pods_parKingTests.framework */,
				C86E86CAFD7596CBD7F5038D /* Pods_parKingUITests.framework */,
			);
			name = Frameworks;
			sourceTree = "<group>";
		};
		1B4A934BD2CF7EC329A656DD /* Pods */ = {
			isa = PBXGroup;
			children = (
				D9A7DA0A95E4CC4DE9EDC28D /* Pods-parKing.debug.xcconfig */,
				76EC657B5CF3EC1D99F87FC0 /* Pods-parKing.release.xcconfig */,
				AAAA40EE217CFD291ACAA149 /* Pods-parKingTests.debug.xcconfig */,
				486C1DD5765AC2858FAC6189 /* Pods-parKingTests.release.xcconfig */,
				C5388888B24D03BA54179B8A /* Pods-parKingUITests.debug.xcconfig */,
				92827302047F23C83471FEAC /* Pods-parKingUITests.release.xcconfig */,
			);
			name = Pods;
			sourceTree = "<group>";
		};
		CD8FF4631CED54E9009EB4F0 = {
			isa = PBXGroup;
			children = (
				CD8FF46E1CED54E9009EB4F0 /* parKing */,
				CD8FF4871CED54EA009EB4F0 /* parKingTests */,
				CD8FF4921CED54EA009EB4F0 /* parKingUITests */,
				CD8FF46D1CED54E9009EB4F0 /* Products */,
				1B4A934BD2CF7EC329A656DD /* Pods */,
				0B82EED5E9F676DA6FA7B2C0 /* Frameworks */,
			);
			sourceTree = "<group>";
		};
		CD8FF46D1CED54E9009EB4F0 /* Products */ = {
			isa = PBXGroup;
			children = (
				CD8FF46C1CED54E9009EB4F0 /* parKing.app */,
				CD8FF4841CED54EA009EB4F0 /* parKingTests.xctest */,
				CD8FF48F1CED54EA009EB4F0 /* parKingUITests.xctest */,
			);
			name = Products;
			sourceTree = "<group>";
		};
		CD8FF46E1CED54E9009EB4F0 /* parKing */ = {
			isa = PBXGroup;
			children = (
				CD8FF46F1CED54E9009EB4F0 /* AppDelegate.swift */,
				CD8FF4711CED54E9009EB4F0 /* RootViewController.swift */,
				CD8FF4731CED54E9009EB4F0 /* DataViewController.swift */,
				CD8FF4751CED54E9009EB4F0 /* ModelController.swift */,
				CD8FF4771CED54E9009EB4F0 /* Main.storyboard */,
				CD8FF47A1CED54E9009EB4F0 /* Assets.xcassets */,
				CD8FF47C1CED54E9009EB4F0 /* LaunchScreen.storyboard */,
				CD8FF47F1CED54E9009EB4F0 /* Info.plist */,
				CD8FF4A31CED5D76009EB4F0 /* MapViewController.swift */,
			);
			path = parKing;
			sourceTree = "<group>";
		};
		CD8FF4871CED54EA009EB4F0 /* parKingTests */ = {
			isa = PBXGroup;
			children = (
				CD8FF4881CED54EA009EB4F0 /* parKingTests.swift */,
				CD8FF48A1CED54EA009EB4F0 /* Info.plist */,
			);
			path = parKingTests;
			sourceTree = "<group>";
		};
		CD8FF4921CED54EA009EB4F0 /* parKingUITests */ = {
			isa = PBXGroup;
			children = (
				CD8FF4931CED54EA009EB4F0 /* parKingUITests.swift */,
				CD8FF4951CED54EA009EB4F0 /* Info.plist */,
			);
			path = parKingUITests;
			sourceTree = "<group>";
		};
/* End PBXGroup section */

/* Begin PBXNativeTarget section */
		CD8FF46B1CED54E9009EB4F0 /* parKing */ = {
			isa = PBXNativeTarget;
			buildConfigurationList = CD8FF4981CED54EA009EB4F0 /* Build configuration list for PBXNativeTarget "parKing" */;
			buildPhases = (
				E131E35C228B09E71E4B3562 /* 📦 Check Pods Manifest.lock */,
				CD8FF4681CED54E9009EB4F0 /* Sources */,
				CD8FF4691CED54E9009EB4F0 /* Frameworks */,
				CD8FF46A1CED54E9009EB4F0 /* Resources */,
				AAF501F874B0EB86A465109E /* 📦 Embed Pods Frameworks */,
				CC3A9DD8302ACD94F02D8AE2 /* 📦 Copy Pods Resources */,
			);
			buildRules = (
			);
			dependencies = (
			);
			name = parKing;
			productName = parKing;
			productReference = CD8FF46C1CED54E9009EB4F0 /* parKing.app */;
			productType = "com.apple.product-type.application";
		};
		CD8FF4831CED54E9009EB4F0 /* parKingTests */ = {
			isa = PBXNativeTarget;
			buildConfigurationList = CD8FF49B1CED54EA009EB4F0 /* Build configuration list for PBXNativeTarget "parKingTests" */;
			buildPhases = (
				812C5DE589356BF39A79A88A /* 📦 Check Pods Manifest.lock */,
				CD8FF4801CED54E9009EB4F0 /* Sources */,
				CD8FF4811CED54E9009EB4F0 /* Frameworks */,
				CD8FF4821CED54E9009EB4F0 /* Resources */,
				851E1F903D0E2ABB71796D8C /* 📦 Embed Pods Frameworks */,
				916B4FC55AF6FB895DB76B0E /* 📦 Copy Pods Resources */,
			);
			buildRules = (
			);
			dependencies = (
				CD8FF4861CED54EA009EB4F0 /* PBXTargetDependency */,
			);
			name = parKingTests;
			productName = parKingTests;
			productReference = CD8FF4841CED54EA009EB4F0 /* parKingTests.xctest */;
			productType = "com.apple.product-type.bundle.unit-test";
		};
		CD8FF48E1CED54EA009EB4F0 /* parKingUITests */ = {
			isa = PBXNativeTarget;
			buildConfigurationList = CD8FF49E1CED54EA009EB4F0 /* Build configuration list for PBXNativeTarget "parKingUITests" */;
			buildPhases = (
				A94DA3EFF6A4DD9F7DBC3D24 /* 📦 Check Pods Manifest.lock */,
				CD8FF48B1CED54EA009EB4F0 /* Sources */,
				CD8FF48C1CED54EA009EB4F0 /* Frameworks */,
				CD8FF48D1CED54EA009EB4F0 /* Resources */,
				E7D3426D82714BA322A55854 /* 📦 Copy Pods Resources */,
			);
			buildRules = (
			);
			dependencies = (
				CD8FF4911CED54EA009EB4F0 /* PBXTargetDependency */,
			);
			name = parKingUITests;
			productName = parKingUITests;
			productReference = CD8FF48F1CED54EA009EB4F0 /* parKingUITests.xctest */;
			productType = "com.apple.product-type.bundle.ui-testing";
		};
/* End PBXNativeTarget section */

/* Begin PBXProject section */
		CD8FF4641CED54E9009EB4F0 /* Project object */ = {
			isa = PBXProject;
			attributes = {
				LastSwiftUpdateCheck = 0710;
				LastUpgradeCheck = 0710;
				ORGANIZATIONNAME = "patrick Impey";
				TargetAttributes = {
					CD8FF46B1CED54E9009EB4F0 = {
						CreatedOnToolsVersion = 7.1;
					};
					CD8FF4831CED54E9009EB4F0 = {
						CreatedOnToolsVersion = 7.1;
						TestTargetID = CD8FF46B1CED54E9009EB4F0;
					};
					CD8FF48E1CED54EA009EB4F0 = {
						CreatedOnToolsVersion = 7.1;
						TestTargetID = CD8FF46B1CED54E9009EB4F0;
					};
				};
			};
			buildConfigurationList = CD8FF4671CED54E9009EB4F0 /* Build configuration list for PBXProject "parKing" */;
			compatibilityVersion = "Xcode 3.2";
			developmentRegion = English;
			hasScannedForEncodings = 0;
			knownRegions = (
				en,
				Base,
			);
			mainGroup = CD8FF4631CED54E9009EB4F0;
			productRefGroup = CD8FF46D1CED54E9009EB4F0 /* Products */;
			projectDirPath = "";
			projectRoot = "";
			targets = (
				CD8FF46B1CED54E9009EB4F0 /* parKing */,
				CD8FF4831CED54E9009EB4F0 /* parKingTests */,
				CD8FF48E1CED54EA009EB4F0 /* parKingUITests */,
			);
		};
/* End PBXProject section */

/* Begin PBXResourcesBuildPhase section */
		CD8FF46A1CED54E9009EB4F0 /* Resources */ = {
			isa = PBXResourcesBuildPhase;
			buildActionMask = 2147483647;
			files = (
				CD8FF47E1CED54E9009EB4F0 /* LaunchScreen.storyboard in Resources */,
				CD8FF47B1CED54E9009EB4F0 /* Assets.xcassets in Resources */,
				CD8FF4791CED54E9009EB4F0 /* Main.storyboard in Resources */,
			);
			runOnlyForDeploymentPostprocessing = 0;
		};
		CD8FF4821CED54E9009EB4F0 /* Resources */ = {
			isa = PBXResourcesBuildPhase;
			buildActionMask = 2147483647;
			files = (
			);
			runOnlyForDeploymentPostprocessing = 0;
		};
		CD8FF48D1CED54EA009EB4F0 /* Resources */ = {
			isa = PBXResourcesBuildPhase;
			buildActionMask = 2147483647;
			files = (
			);
			runOnlyForDeploymentPostprocessing = 0;
		};
/* End PBXResourcesBuildPhase section */

/* Begin PBXShellScriptBuildPhase section */
		812C5DE589356BF39A79A88A /* 📦 Check Pods Manifest.lock */ = {
			isa = PBXShellScriptBuildPhase;
			buildActionMask = 2147483647;
			files = (
			);
			inputPaths = (
			);
			name = "📦 Check Pods Manifest.lock";
			outputPaths = (
			);
			runOnlyForDeploymentPostprocessing = 0;
			shellPath = /bin/sh;
			shellScript = "diff \"${PODS_ROOT}/../Podfile.lock\" \"${PODS_ROOT}/Manifest.lock\" > /dev/null\nif [[ $? != 0 ]] ; then\n    cat << EOM\nerror: The sandbox is not in sync with the Podfile.lock. Run 'pod install' or update your CocoaPods installation.\nEOM\n    exit 1\nfi\n";
			showEnvVarsInLog = 0;
		};
		851E1F903D0E2ABB71796D8C /* 📦 Embed Pods Frameworks */ = {
			isa = PBXShellScriptBuildPhase;
			buildActionMask = 2147483647;
			files = (
			);
			inputPaths = (
			);
			name = "📦 Embed Pods Frameworks";
			outputPaths = (
			);
			runOnlyForDeploymentPostprocessing = 0;
			shellPath = /bin/sh;
			shellScript = "\"${SRCROOT}/Pods/Target Support Files/Pods-parKingTests/Pods-parKingTests-frameworks.sh\"\n";
			showEnvVarsInLog = 0;
		};
		916B4FC55AF6FB895DB76B0E /* 📦 Copy Pods Resources */ = {
			isa = PBXShellScriptBuildPhase;
			buildActionMask = 2147483647;
			files = (
			);
			inputPaths = (
			);
			name = "📦 Copy Pods Resources";
			outputPaths = (
			);
			runOnlyForDeploymentPostprocessing = 0;
			shellPath = /bin/sh;
			shellScript = "\"${SRCROOT}/Pods/Target Support Files/Pods-parKingTests/Pods-parKingTests-resources.sh\"\n";
			showEnvVarsInLog = 0;
		};
		A94DA3EFF6A4DD9F7DBC3D24 /* 📦 Check Pods Manifest.lock */ = {
			isa = PBXShellScriptBuildPhase;
			buildActionMask = 2147483647;
			files = (
			);
			inputPaths = (
			);
			name = "📦 Check Pods Manifest.lock";
			outputPaths = (
			);
			runOnlyForDeploymentPostprocessing = 0;
			shellPath = /bin/sh;
			shellScript = "diff \"${PODS_ROOT}/../Podfile.lock\" \"${PODS_ROOT}/Manifest.lock\" > /dev/null\nif [[ $? != 0 ]] ; then\n    cat << EOM\nerror: The sandbox is not in sync with the Podfile.lock. Run 'pod install' or update your CocoaPods installation.\nEOM\n    exit 1\nfi\n";
			showEnvVarsInLog = 0;
		};
		AAF501F874B0EB86A465109E /* 📦 Embed Pods Frameworks */ = {
			isa = PBXShellScriptBuildPhase;
			buildActionMask = 2147483647;
			files = (
			);
			inputPaths = (
			);
			name = "📦 Embed Pods Frameworks";
			outputPaths = (
			);
			runOnlyForDeploymentPostprocessing = 0;
			shellPath = /bin/sh;
			shellScript = "\"${SRCROOT}/Pods/Target Support Files/Pods-parKing/Pods-parKing-frameworks.sh\"\n";
			showEnvVarsInLog = 0;
		};
		CC3A9DD8302ACD94F02D8AE2 /* 📦 Copy Pods Resources */ = {
			isa = PBXShellScriptBuildPhase;
			buildActionMask = 2147483647;
			files = (
			);
			inputPaths = (
			);
			name = "📦 Copy Pods Resources";
			outputPaths = (
			);
			runOnlyForDeploymentPostprocessing = 0;
			shellPath = /bin/sh;
			shellScript = "\"${SRCROOT}/Pods/Target Support Files/Pods-parKing/Pods-parKing-resources.sh\"\n";
			showEnvVarsInLog = 0;
		};
		E131E35C228B09E71E4B3562 /* 📦 Check Pods Manifest.lock */ = {
			isa = PBXShellScriptBuildPhase;
			buildActionMask = 2147483647;
			files = (
			);
			inputPaths = (
			);
			name = "📦 Check Pods Manifest.lock";
			outputPaths = (
			);
			runOnlyForDeploymentPostprocessing = 0;
			shellPath = /bin/sh;
			shellScript = "diff \"${PODS_ROOT}/../Podfile.lock\" \"${PODS_ROOT}/Manifest.lock\" > /dev/null\nif [[ $? != 0 ]] ; then\n    cat << EOM\nerror: The sandbox is not in sync with the Podfile.lock. Run 'pod install' or update your CocoaPods installation.\nEOM\n    exit 1\nfi\n";
			showEnvVarsInLog = 0;
		};
		E7D3426D82714BA322A55854 /* 📦 Copy Pods Resources */ = {
			isa = PBXShellScriptBuildPhase;
			buildActionMask = 2147483647;
			files = (
			);
			inputPaths = (
			);
			name = "📦 Copy Pods Resources";
			outputPaths = (
			);
			runOnlyForDeploymentPostprocessing = 0;
			shellPath = /bin/sh;
			shellScript = "\"${SRCROOT}/Pods/Target Support Files/Pods-parKingUITests/Pods-parKingUITests-resources.sh\"\n";
			showEnvVarsInLog = 0;
		};
/* End PBXShellScriptBuildPhase section */

/* Begin PBXSourcesBuildPhase section */
		CD8FF4681CED54E9009EB4F0 /* Sources */ = {
			isa = PBXSourcesBuildPhase;
			buildActionMask = 2147483647;
			files = (
				CD8FF4721CED54E9009EB4F0 /* RootViewController.swift in Sources */,
				CD8FF4A41CED5D76009EB4F0 /* MapViewController.swift in Sources */,
				CD8FF4761CED54E9009EB4F0 /* ModelController.swift in Sources */,
				CD8FF4741CED54E9009EB4F0 /* DataViewController.swift in Sources */,
				CD8FF4701CED54E9009EB4F0 /* AppDelegate.swift in Sources */,
			);
			runOnlyForDeploymentPostprocessing = 0;
		};
		CD8FF4801CED54E9009EB4F0 /* Sources */ = {
			isa = PBXSourcesBuildPhase;
			buildActionMask = 2147483647;
			files = (
				CD8FF4891CED54EA009EB4F0 /* parKingTests.swift in Sources */,
			);
			runOnlyForDeploymentPostprocessing = 0;
		};
		CD8FF48B1CED54EA009EB4F0 /* Sources */ = {
			isa = PBXSourcesBuildPhase;
			buildActionMask = 2147483647;
			files = (
				CD8FF4941CED54EA009EB4F0 /* parKingUITests.swift in Sources */,
			);
			runOnlyForDeploymentPostprocessing = 0;
		};
/* End PBXSourcesBuildPhase section */

/* Begin PBXTargetDependency section */
		CD8FF4861CED54EA009EB4F0 /* PBXTargetDependency */ = {
			isa = PBXTargetDependency;
			target = CD8FF46B1CED54E9009EB4F0 /* parKing */;
			targetProxy = CD8FF4851CED54EA009EB4F0 /* PBXContainerItemProxy */;
		};
		CD8FF4911CED54EA009EB4F0 /* PBXTargetDependency */ = {
			isa = PBXTargetDependency;
			target = CD8FF46B1CED54E9009EB4F0 /* parKing */;
			targetProxy = CD8FF4901CED54EA009EB4F0 /* PBXContainerItemProxy */;
		};
/* End PBXTargetDependency section */

/* Begin PBXVariantGroup section */
		CD8FF4771CED54E9009EB4F0 /* Main.storyboard */ = {
			isa = PBXVariantGroup;
			children = (
				CD8FF4781CED54E9009EB4F0 /* Base */,
			);
			name = Main.storyboard;
			sourceTree = "<group>";
		};
		CD8FF47C1CED54E9009EB4F0 /* LaunchScreen.storyboard */ = {
			isa = PBXVariantGroup;
			children = (
				CD8FF47D1CED54E9009EB4F0 /* Base */,
			);
			name = LaunchScreen.storyboard;
			sourceTree = "<group>";
		};
/* End PBXVariantGroup section */

/* Begin XCBuildConfiguration section */
		CD8FF4961CED54EA009EB4F0 /* Debug */ = {
			isa = XCBuildConfiguration;
			buildSettings = {
				ALWAYS_SEARCH_USER_PATHS = NO;
				CLANG_CXX_LANGUAGE_STANDARD = "gnu++0x";
				CLANG_CXX_LIBRARY = "libc++";
				CLANG_ENABLE_MODULES = YES;
				CLANG_ENABLE_OBJC_ARC = YES;
				CLANG_WARN_BOOL_CONVERSION = YES;
				CLANG_WARN_CONSTANT_CONVERSION = YES;
				CLANG_WARN_DIRECT_OBJC_ISA_USAGE = YES_ERROR;
				CLANG_WARN_EMPTY_BODY = YES;
				CLANG_WARN_ENUM_CONVERSION = YES;
				CLANG_WARN_INT_CONVERSION = YES;
				CLANG_WARN_OBJC_ROOT_CLASS = YES_ERROR;
				CLANG_WARN_UNREACHABLE_CODE = YES;
				CLANG_WARN__DUPLICATE_METHOD_MATCH = YES;
				"CODE_SIGN_IDENTITY[sdk=iphoneos*]" = "iPhone Developer";
				COPY_PHASE_STRIP = NO;
				DEBUG_INFORMATION_FORMAT = dwarf;
				ENABLE_STRICT_OBJC_MSGSEND = YES;
				ENABLE_TESTABILITY = YES;
				GCC_C_LANGUAGE_STANDARD = gnu99;
				GCC_DYNAMIC_NO_PIC = NO;
				GCC_NO_COMMON_BLOCKS = YES;
				GCC_OPTIMIZATION_LEVEL = 0;
				GCC_PREPROCESSOR_DEFINITIONS = (
					"DEBUG=1",
					"$(inherited)",
				);
				GCC_WARN_64_TO_32_BIT_CONVERSION = YES;
				GCC_WARN_ABOUT_RETURN_TYPE = YES_ERROR;
				GCC_WARN_UNDECLARED_SELECTOR = YES;
				GCC_WARN_UNINITIALIZED_AUTOS = YES_AGGRESSIVE;
				GCC_WARN_UNUSED_FUNCTION = YES;
				GCC_WARN_UNUSED_VARIABLE = YES;
				IPHONEOS_DEPLOYMENT_TARGET = 9.1;
				MTL_ENABLE_DEBUG_INFO = YES;
				ONLY_ACTIVE_ARCH = YES;
				SDKROOT = iphoneos;
				SWIFT_OPTIMIZATION_LEVEL = "-Onone";
				TARGETED_DEVICE_FAMILY = "1,2";
			};
			name = Debug;
		};
		CD8FF4971CED54EA009EB4F0 /* Release */ = {
			isa = XCBuildConfiguration;
			buildSettings = {
				ALWAYS_SEARCH_USER_PATHS = NO;
				CLANG_CXX_LANGUAGE_STANDARD = "gnu++0x";
				CLANG_CXX_LIBRARY = "libc++";
				CLANG_ENABLE_MODULES = YES;
				CLANG_ENABLE_OBJC_ARC = YES;
				CLANG_WARN_BOOL_CONVERSION = YES;
				CLANG_WARN_CONSTANT_CONVERSION = YES;
				CLANG_WARN_DIRECT_OBJC_ISA_USAGE = YES_ERROR;
				CLANG_WARN_EMPTY_BODY = YES;
				CLANG_WARN_ENUM_CONVERSION = YES;
				CLANG_WARN_INT_CONVERSION = YES;
				CLANG_WARN_OBJC_ROOT_CLASS = YES_ERROR;
				CLANG_WARN_UNREACHABLE_CODE = YES;
				CLANG_WARN__DUPLICATE_METHOD_MATCH = YES;
				"CODE_SIGN_IDENTITY[sdk=iphoneos*]" = "iPhone Developer";
				COPY_PHASE_STRIP = NO;
				DEBUG_INFORMATION_FORMAT = "dwarf-with-dsym";
				ENABLE_NS_ASSERTIONS = NO;
				ENABLE_STRICT_OBJC_MSGSEND = YES;
				GCC_C_LANGUAGE_STANDARD = gnu99;
				GCC_NO_COMMON_BLOCKS = YES;
				GCC_WARN_64_TO_32_BIT_CONVERSION = YES;
				GCC_WARN_ABOUT_RETURN_TYPE = YES_ERROR;
				GCC_WARN_UNDECLARED_SELECTOR = YES;
				GCC_WARN_UNINITIALIZED_AUTOS = YES_AGGRESSIVE;
				GCC_WARN_UNUSED_FUNCTION = YES;
				GCC_WARN_UNUSED_VARIABLE = YES;
				IPHONEOS_DEPLOYMENT_TARGET = 9.1;
				MTL_ENABLE_DEBUG_INFO = NO;
				SDKROOT = iphoneos;
				TARGETED_DEVICE_FAMILY = "1,2";
				VALIDATE_PRODUCT = YES;
			};
			name = Release;
		};
		CD8FF4991CED54EA009EB4F0 /* Debug */ = {
			isa = XCBuildConfiguration;
			baseConfigurationReference = D9A7DA0A95E4CC4DE9EDC28D /* Pods-parKing.debug.xcconfig */;
			buildSettings = {
				ASSETCATALOG_COMPILER_APPICON_NAME = AppIcon;
				INFOPLIST_FILE = parKing/Info.plist;
				LD_RUNPATH_SEARCH_PATHS = "$(inherited) @executable_path/Frameworks";
				PRODUCT_BUNDLE_IDENTIFIER = labeffect.parKing;
				PRODUCT_NAME = "$(TARGET_NAME)";
			};
			name = Debug;
		};
		CD8FF49A1CED54EA009EB4F0 /* Release */ = {
			isa = XCBuildConfiguration;
			baseConfigurationReference = 76EC657B5CF3EC1D99F87FC0 /* Pods-parKing.release.xcconfig */;
			buildSettings = {
				ASSETCATALOG_COMPILER_APPICON_NAME = AppIcon;
				INFOPLIST_FILE = parKing/Info.plist;
				LD_RUNPATH_SEARCH_PATHS = "$(inherited) @executable_path/Frameworks";
				PRODUCT_BUNDLE_IDENTIFIER = labeffect.parKing;
				PRODUCT_NAME = "$(TARGET_NAME)";
			};
			name = Release;
		};
		CD8FF49C1CED54EA009EB4F0 /* Debug */ = {
			isa = XCBuildConfiguration;
			baseConfigurationReference = AAAA40EE217CFD291ACAA149 /* Pods-parKingTests.debug.xcconfig */;
			buildSettings = {
				BUNDLE_LOADER = "$(TEST_HOST)";
				INFOPLIST_FILE = parKingTests/Info.plist;
				LD_RUNPATH_SEARCH_PATHS = "$(inherited) @executable_path/Frameworks @loader_path/Frameworks";
				PRODUCT_BUNDLE_IDENTIFIER = labeffect.parKingTests;
				PRODUCT_NAME = "$(TARGET_NAME)";
				TEST_HOST = "$(BUILT_PRODUCTS_DIR)/parKing.app/parKing";
			};
			name = Debug;
		};
		CD8FF49D1CED54EA009EB4F0 /* Release */ = {
			isa = XCBuildConfiguration;
			baseConfigurationReference = 486C1DD5765AC2858FAC6189 /* Pods-parKingTests.release.xcconfig */;
			buildSettings = {
				BUNDLE_LOADER = "$(TEST_HOST)";
				INFOPLIST_FILE = parKingTests/Info.plist;
				LD_RUNPATH_SEARCH_PATHS = "$(inherited) @executable_path/Frameworks @loader_path/Frameworks";
				PRODUCT_BUNDLE_IDENTIFIER = labeffect.parKingTests;
				PRODUCT_NAME = "$(TARGET_NAME)";
				TEST_HOST = "$(BUILT_PRODUCTS_DIR)/parKing.app/parKing";
			};
			name = Release;
		};
		CD8FF49F1CED54EA009EB4F0 /* Debug */ = {
			isa = XCBuildConfiguration;
			baseConfigurationReference = C5388888B24D03BA54179B8A /* Pods-parKingUITests.debug.xcconfig */;
			buildSettings = {
				INFOPLIST_FILE = parKingUITests/Info.plist;
				LD_RUNPATH_SEARCH_PATHS = "$(inherited) @executable_path/Frameworks @loader_path/Frameworks";
				PRODUCT_BUNDLE_IDENTIFIER = labeffect.parKingUITests;
				PRODUCT_NAME = "$(TARGET_NAME)";
				TEST_TARGET_NAME = parKing;
				USES_XCTRUNNER = YES;
			};
			name = Debug;
		};
		CD8FF4A01CED54EA009EB4F0 /* Release */ = {
			isa = XCBuildConfiguration;
			baseConfigurationReference = 92827302047F23C83471FEAC /* Pods-parKingUITests.release.xcconfig */;
			buildSettings = {
				INFOPLIST_FILE = parKingUITests/Info.plist;
				LD_RUNPATH_SEARCH_PATHS = "$(inherited) @executable_path/Frameworks @loader_path/Frameworks";
				PRODUCT_BUNDLE_IDENTIFIER = labeffect.parKingUITests;
				PRODUCT_NAME = "$(TARGET_NAME)";
				TEST_TARGET_NAME = parKing;
				USES_XCTRUNNER = YES;
			};
			name = Release;
		};
/* End XCBuildConfiguration section */

/* Begin XCConfigurationList section */
		CD8FF4671CED54E9009EB4F0 /* Build configuration list for PBXProject "parKing" */ = {
			isa = XCConfigurationList;
			buildConfigurations = (
				CD8FF4961CED54EA009EB4F0 /* Debug */,
				CD8FF4971CED54EA009EB4F0 /* Release */,
			);
			defaultConfigurationIsVisible = 0;
			defaultConfigurationName = Release;
		};
		CD8FF4981CED54EA009EB4F0 /* Build configuration list for PBXNativeTarget "parKing" */ = {
			isa = XCConfigurationList;
			buildConfigurations = (
				CD8FF4991CED54EA009EB4F0 /* Debug */,
				CD8FF49A1CED54EA009EB4F0 /* Release */,
			);
			defaultConfigurationIsVisible = 0;
			defaultConfigurationName = Release;
		};
		CD8FF49B1CED54EA009EB4F0 /* Build configuration list for PBXNativeTarget "parKingTests" */ = {
			isa = XCConfigurationList;
			buildConfigurations = (
				CD8FF49C1CED54EA009EB4F0 /* Debug */,
				CD8FF49D1CED54EA009EB4F0 /* Release */,
			);
			defaultConfigurationIsVisible = 0;
			defaultConfigurationName = Release;
		};
		CD8FF49E1CED54EA009EB4F0 /* Build configuration list for PBXNativeTarget "parKingUITests" */ = {
			isa = XCConfigurationList;
			buildConfigurations = (
				CD8FF49F1CED54EA009EB4F0 /* Debug */,
				CD8FF4A01CED54EA009EB4F0 /* Release */,
			);
			defaultConfigurationIsVisible = 0;
			defaultConfigurationName = Release;
		};
/* End XCConfigurationList section */
	};
	rootObject = CD8FF4641CED54E9009EB4F0 /* Project object */;
}
